// !$*UTF8*$!
{
	archiveVersion = 1;
	classes = {
	};
	objectVersion = 56;
	objects = {

/* Begin PBXBuildFile section */
		50698EF82D68399800AC2FC9 /* WowRecipesApp.swift in Sources */ = {isa = PBXBuildFile; fileRef = 50698EF72D68399800AC2FC9 /* WowRecipesApp.swift */; };
		50698EFA2D68399800AC2FC9 /* ContentView.swift in Sources */ = {isa = PBXBuildFile; fileRef = 50698EF92D68399800AC2FC9 /* ContentView.swift */; };
		50698EFC2D68399A00AC2FC9 /* Assets.xcassets in Resources */ = {isa = PBXBuildFile; fileRef = 50698EFB2D68399A00AC2FC9 /* Assets.xcassets */; };
		50698EFF2D68399A00AC2FC9 /* Preview Assets.xcassets in Resources */ = {isa = PBXBuildFile; fileRef = 50698EFE2D68399A00AC2FC9 /* Preview Assets.xcassets */; };
		50698F092D68399A00AC2FC9 /* RecipeModelTests.swift in Sources */ = {isa = PBXBuildFile; fileRef = 50698F082D68399A00AC2FC9 /* RecipeModelTests.swift */; };
		50698F132D68399A00AC2FC9 /* WowRecipesUITests.swift in Sources */ = {isa = PBXBuildFile; fileRef = 50698F122D68399A00AC2FC9 /* WowRecipesUITests.swift */; };
		50698F152D68399A00AC2FC9 /* WowRecipesUITestsLaunchTests.swift in Sources */ = {isa = PBXBuildFile; fileRef = 50698F142D68399A00AC2FC9 /* WowRecipesUITestsLaunchTests.swift */; };
		50698F222D68F29B00AC2FC9 /* RecipeModel.swift in Sources */ = {isa = PBXBuildFile; fileRef = 50698F212D68F29B00AC2FC9 /* RecipeModel.swift */; };
		50698F232D68F29B00AC2FC9 /* RecipeModel.swift in Sources */ = {isa = PBXBuildFile; fileRef = 50698F212D68F29B00AC2FC9 /* RecipeModel.swift */; };
		50698F252D68F36900AC2FC9 /* Recipes.json in Resources */ = {isa = PBXBuildFile; fileRef = 50698F242D68F36800AC2FC9 /* Recipes.json */; };
		50698F262D68F36900AC2FC9 /* Recipes.json in Resources */ = {isa = PBXBuildFile; fileRef = 50698F242D68F36800AC2FC9 /* Recipes.json */; };
		50698F282D68F54300AC2FC9 /* APIEndpoint.swift in Sources */ = {isa = PBXBuildFile; fileRef = 50698F272D68F54300AC2FC9 /* APIEndpoint.swift */; };
		50698F292D68F54300AC2FC9 /* APIEndpoint.swift in Sources */ = {isa = PBXBuildFile; fileRef = 50698F272D68F54300AC2FC9 /* APIEndpoint.swift */; };
		50698F2B2D68F66800AC2FC9 /* ApiClient.swift in Sources */ = {isa = PBXBuildFile; fileRef = 50698F2A2D68F66800AC2FC9 /* ApiClient.swift */; };
		50698F2C2D68F66800AC2FC9 /* ApiClient.swift in Sources */ = {isa = PBXBuildFile; fileRef = 50698F2A2D68F66800AC2FC9 /* ApiClient.swift */; };
		50698F2E2D68F6CB00AC2FC9 /* NetworkLayer.swift in Sources */ = {isa = PBXBuildFile; fileRef = 50698F2D2D68F6CB00AC2FC9 /* NetworkLayer.swift */; };
		50698F2F2D68F6CB00AC2FC9 /* NetworkLayer.swift in Sources */ = {isa = PBXBuildFile; fileRef = 50698F2D2D68F6CB00AC2FC9 /* NetworkLayer.swift */; };
		50698F312D692A3600AC2FC9 /* RecipesDataTest.swift in Sources */ = {isa = PBXBuildFile; fileRef = 50698F302D692A3600AC2FC9 /* RecipesDataTest.swift */; };
		50698F332D692E9A00AC2FC9 /* GridsView.swift in Sources */ = {isa = PBXBuildFile; fileRef = 50698F322D692E9A00AC2FC9 /* GridsView.swift */; };
		50698F342D692E9A00AC2FC9 /* GridsView.swift in Sources */ = {isa = PBXBuildFile; fileRef = 50698F322D692E9A00AC2FC9 /* GridsView.swift */; };
		50698F362D6933FB00AC2FC9 /* RecipeView.swift in Sources */ = {isa = PBXBuildFile; fileRef = 50698F352D6933FB00AC2FC9 /* RecipeView.swift */; };
		50698F372D6933FB00AC2FC9 /* RecipeView.swift in Sources */ = {isa = PBXBuildFile; fileRef = 50698F352D6933FB00AC2FC9 /* RecipeView.swift */; };
		50698F392D6943C400AC2FC9 /* RecipePreView.swift in Sources */ = {isa = PBXBuildFile; fileRef = 50698F382D6943C400AC2FC9 /* RecipePreView.swift */; };
		50698F3A2D6943C400AC2FC9 /* RecipePreView.swift in Sources */ = {isa = PBXBuildFile; fileRef = 50698F382D6943C400AC2FC9 /* RecipePreView.swift */; };
		50698F3C2D6E4EC900AC2FC9 /* RecipeViewModel.swift in Sources */ = {isa = PBXBuildFile; fileRef = 50698F3B2D6E4EC900AC2FC9 /* RecipeViewModel.swift */; };
		50698F3D2D6E4EC900AC2FC9 /* RecipeViewModel.swift in Sources */ = {isa = PBXBuildFile; fileRef = 50698F3B2D6E4EC900AC2FC9 /* RecipeViewModel.swift */; };
		50AC95A32D6E87250096F92F /* Error.swift in Sources */ = {isa = PBXBuildFile; fileRef = 50AC95A22D6E87250096F92F /* Error.swift */; };
/* End PBXBuildFile section */

/* Begin PBXContainerItemProxy section */
		50698F052D68399A00AC2FC9 /* PBXContainerItemProxy */ = {
			isa = PBXContainerItemProxy;
			containerPortal = 50698EEC2D68399800AC2FC9 /* Project object */;
			proxyType = 1;
			remoteGlobalIDString = 50698EF32D68399800AC2FC9;
			remoteInfo = WowRecipes;
		};
		50698F0F2D68399A00AC2FC9 /* PBXContainerItemProxy */ = {
			isa = PBXContainerItemProxy;
			containerPortal = 50698EEC2D68399800AC2FC9 /* Project object */;
			proxyType = 1;
			remoteGlobalIDString = 50698EF32D68399800AC2FC9;
			remoteInfo = WowRecipes;
		};
/* End PBXContainerItemProxy section */

/* Begin PBXFileReference section */
		50698EF42D68399800AC2FC9 /* WowRecipes.app */ = {isa = PBXFileReference; explicitFileType = wrapper.application; includeInIndex = 0; path = WowRecipes.app; sourceTree = BUILT_PRODUCTS_DIR; };
		50698EF72D68399800AC2FC9 /* WowRecipesApp.swift */ = {isa = PBXFileReference; lastKnownFileType = sourcecode.swift; path = WowRecipesApp.swift; sourceTree = "<group>"; };
		50698EF92D68399800AC2FC9 /* ContentView.swift */ = {isa = PBXFileReference; lastKnownFileType = sourcecode.swift; path = ContentView.swift; sourceTree = "<group>"; };
		50698EFB2D68399A00AC2FC9 /* Assets.xcassets */ = {isa = PBXFileReference; lastKnownFileType = folder.assetcatalog; path = Assets.xcassets; sourceTree = "<group>"; };
		50698EFE2D68399A00AC2FC9 /* Preview Assets.xcassets */ = {isa = PBXFileReference; lastKnownFileType = folder.assetcatalog; path = "Preview Assets.xcassets"; sourceTree = "<group>"; };
		50698F042D68399A00AC2FC9 /* WowRecipesTests.xctest */ = {isa = PBXFileReference; explicitFileType = wrapper.cfbundle; includeInIndex = 0; path = WowRecipesTests.xctest; sourceTree = BUILT_PRODUCTS_DIR; };
		50698F082D68399A00AC2FC9 /* RecipeModelTests.swift */ = {isa = PBXFileReference; lastKnownFileType = sourcecode.swift; path = RecipeModelTests.swift; sourceTree = "<group>"; };
		50698F0E2D68399A00AC2FC9 /* WowRecipesUITests.xctest */ = {isa = PBXFileReference; explicitFileType = wrapper.cfbundle; includeInIndex = 0; path = WowRecipesUITests.xctest; sourceTree = BUILT_PRODUCTS_DIR; };
		50698F122D68399A00AC2FC9 /* WowRecipesUITests.swift */ = {isa = PBXFileReference; lastKnownFileType = sourcecode.swift; path = WowRecipesUITests.swift; sourceTree = "<group>"; };
		50698F142D68399A00AC2FC9 /* WowRecipesUITestsLaunchTests.swift */ = {isa = PBXFileReference; lastKnownFileType = sourcecode.swift; path = WowRecipesUITestsLaunchTests.swift; sourceTree = "<group>"; };
		50698F212D68F29B00AC2FC9 /* RecipeModel.swift */ = {isa = PBXFileReference; lastKnownFileType = sourcecode.swift; path = RecipeModel.swift; sourceTree = "<group>"; };
		50698F242D68F36800AC2FC9 /* Recipes.json */ = {isa = PBXFileReference; lastKnownFileType = text.json; path = Recipes.json; sourceTree = "<group>"; };
		50698F272D68F54300AC2FC9 /* APIEndpoint.swift */ = {isa = PBXFileReference; lastKnownFileType = sourcecode.swift; path = APIEndpoint.swift; sourceTree = "<group>"; };
		50698F2A2D68F66800AC2FC9 /* ApiClient.swift */ = {isa = PBXFileReference; lastKnownFileType = sourcecode.swift; path = ApiClient.swift; sourceTree = "<group>"; };
		50698F2D2D68F6CB00AC2FC9 /* NetworkLayer.swift */ = {isa = PBXFileReference; lastKnownFileType = sourcecode.swift; path = NetworkLayer.swift; sourceTree = "<group>"; };
		50698F302D692A3600AC2FC9 /* RecipesDataTest.swift */ = {isa = PBXFileReference; lastKnownFileType = sourcecode.swift; path = RecipesDataTest.swift; sourceTree = "<group>"; };
		50698F322D692E9A00AC2FC9 /* GridsView.swift */ = {isa = PBXFileReference; lastKnownFileType = sourcecode.swift; path = GridsView.swift; sourceTree = "<group>"; };
		50698F352D6933FB00AC2FC9 /* RecipeView.swift */ = {isa = PBXFileReference; lastKnownFileType = sourcecode.swift; path = RecipeView.swift; sourceTree = "<group>"; };
		50698F382D6943C400AC2FC9 /* RecipePreView.swift */ = {isa = PBXFileReference; lastKnownFileType = sourcecode.swift; path = RecipePreView.swift; sourceTree = "<group>"; };
		50698F3B2D6E4EC900AC2FC9 /* RecipeViewModel.swift */ = {isa = PBXFileReference; lastKnownFileType = sourcecode.swift; path = RecipeViewModel.swift; sourceTree = "<group>"; };
		50AC95A22D6E87250096F92F /* Error.swift */ = {isa = PBXFileReference; lastKnownFileType = sourcecode.swift; path = Error.swift; sourceTree = "<group>"; };
/* End PBXFileReference section */

/* Begin PBXFrameworksBuildPhase section */
		50698EF12D68399800AC2FC9 /* Frameworks */ = {
			isa = PBXFrameworksBuildPhase;
			buildActionMask = 2147483647;
			files = (
			);
			runOnlyForDeploymentPostprocessing = 0;
		};
		50698F012D68399A00AC2FC9 /* Frameworks */ = {
			isa = PBXFrameworksBuildPhase;
			buildActionMask = 2147483647;
			files = (
			);
			runOnlyForDeploymentPostprocessing = 0;
		};
		50698F0B2D68399A00AC2FC9 /* Frameworks */ = {
			isa = PBXFrameworksBuildPhase;
			buildActionMask = 2147483647;
			files = (
			);
			runOnlyForDeploymentPostprocessing = 0;
		};
/* End PBXFrameworksBuildPhase section */

/* Begin PBXGroup section */
		50698EEB2D68399800AC2FC9 = {
			isa = PBXGroup;
			children = (
				50AC95A22D6E87250096F92F /* Error.swift */,
				50698EF62D68399800AC2FC9 /* WowRecipes */,
				50698F072D68399A00AC2FC9 /* WowRecipesTests */,
				50698F112D68399A00AC2FC9 /* WowRecipesUITests */,
				50698EF52D68399800AC2FC9 /* Products */,
			);
			sourceTree = "<group>";
		};
		50698EF52D68399800AC2FC9 /* Products */ = {
			isa = PBXGroup;
			children = (
				50698EF42D68399800AC2FC9 /* WowRecipes.app */,
				50698F042D68399A00AC2FC9 /* WowRecipesTests.xctest */,
				50698F0E2D68399A00AC2FC9 /* WowRecipesUITests.xctest */,
			);
			name = Products;
			sourceTree = "<group>";
		};
		50698EF62D68399800AC2FC9 /* WowRecipes */ = {
			isa = PBXGroup;
			children = (
				50698F3B2D6E4EC900AC2FC9 /* RecipeViewModel.swift */,
				50698EF72D68399800AC2FC9 /* WowRecipesApp.swift */,
				50698EF92D68399800AC2FC9 /* ContentView.swift */,
				50698F322D692E9A00AC2FC9 /* GridsView.swift */,
				50698F352D6933FB00AC2FC9 /* RecipeView.swift */,
				50698F382D6943C400AC2FC9 /* RecipePreView.swift */,
				50698F212D68F29B00AC2FC9 /* RecipeModel.swift */,
				50698F272D68F54300AC2FC9 /* APIEndpoint.swift */,
				50698F2A2D68F66800AC2FC9 /* ApiClient.swift */,
				50698F2D2D68F6CB00AC2FC9 /* NetworkLayer.swift */,
				50698EFB2D68399A00AC2FC9 /* Assets.xcassets */,
				50698EFD2D68399A00AC2FC9 /* Preview Content */,
			);
			path = WowRecipes;
			sourceTree = "<group>";
		};
		50698EFD2D68399A00AC2FC9 /* Preview Content */ = {
			isa = PBXGroup;
			children = (
				50698EFE2D68399A00AC2FC9 /* Preview Assets.xcassets */,
			);
			path = "Preview Content";
			sourceTree = "<group>";
		};
		50698F072D68399A00AC2FC9 /* WowRecipesTests */ = {
			isa = PBXGroup;
			children = (
				50698F082D68399A00AC2FC9 /* RecipeModelTests.swift */,
				50698F302D692A3600AC2FC9 /* RecipesDataTest.swift */,
				50698F242D68F36800AC2FC9 /* Recipes.json */,
			);
			path = WowRecipesTests;
			sourceTree = "<group>";
		};
		50698F112D68399A00AC2FC9 /* WowRecipesUITests */ = {
			isa = PBXGroup;
			children = (
				50698F122D68399A00AC2FC9 /* WowRecipesUITests.swift */,
				50698F142D68399A00AC2FC9 /* WowRecipesUITestsLaunchTests.swift */,
			);
			path = WowRecipesUITests;
			sourceTree = "<group>";
		};
/* End PBXGroup section */

/* Begin PBXNativeTarget section */
		50698EF32D68399800AC2FC9 /* WowRecipes */ = {
			isa = PBXNativeTarget;
			buildConfigurationList = 50698F182D68399A00AC2FC9 /* Build configuration list for PBXNativeTarget "WowRecipes" */;
			buildPhases = (
				50698EF02D68399800AC2FC9 /* Sources */,
				50698EF12D68399800AC2FC9 /* Frameworks */,
				50698EF22D68399800AC2FC9 /* Resources */,
			);
			buildRules = (
			);
			dependencies = (
			);
			name = WowRecipes;
			productName = WowRecipes;
			productReference = 50698EF42D68399800AC2FC9 /* WowRecipes.app */;
			productType = "com.apple.product-type.application";
		};
		50698F032D68399A00AC2FC9 /* WowRecipesTests */ = {
			isa = PBXNativeTarget;
			buildConfigurationList = 50698F1B2D68399A00AC2FC9 /* Build configuration list for PBXNativeTarget "WowRecipesTests" */;
			buildPhases = (
				50698F002D68399A00AC2FC9 /* Sources */,
				50698F012D68399A00AC2FC9 /* Frameworks */,
				50698F022D68399A00AC2FC9 /* Resources */,
			);
			buildRules = (
			);
			dependencies = (
				50698F062D68399A00AC2FC9 /* PBXTargetDependency */,
			);
			name = WowRecipesTests;
			productName = WowRecipesTests;
			productReference = 50698F042D68399A00AC2FC9 /* WowRecipesTests.xctest */;
			productType = "com.apple.product-type.bundle.unit-test";
		};
		50698F0D2D68399A00AC2FC9 /* WowRecipesUITests */ = {
			isa = PBXNativeTarget;
			buildConfigurationList = 50698F1E2D68399A00AC2FC9 /* Build configuration list for PBXNativeTarget "WowRecipesUITests" */;
			buildPhases = (
				50698F0A2D68399A00AC2FC9 /* Sources */,
				50698F0B2D68399A00AC2FC9 /* Frameworks */,
				50698F0C2D68399A00AC2FC9 /* Resources */,
			);
			buildRules = (
			);
			dependencies = (
				50698F102D68399A00AC2FC9 /* PBXTargetDependency */,
			);
			name = WowRecipesUITests;
			productName = WowRecipesUITests;
			productReference = 50698F0E2D68399A00AC2FC9 /* WowRecipesUITests.xctest */;
			productType = "com.apple.product-type.bundle.ui-testing";
		};
/* End PBXNativeTarget section */

/* Begin PBXProject section */
		50698EEC2D68399800AC2FC9 /* Project object */ = {
			isa = PBXProject;
			attributes = {
				BuildIndependentTargetsInParallel = 1;
				LastSwiftUpdateCheck = 1500;
				LastUpgradeCheck = 1500;
				TargetAttributes = {
					50698EF32D68399800AC2FC9 = {
						CreatedOnToolsVersion = 15.0;
					};
					50698F032D68399A00AC2FC9 = {
						CreatedOnToolsVersion = 15.0;
						TestTargetID = 50698EF32D68399800AC2FC9;
					};
					50698F0D2D68399A00AC2FC9 = {
						CreatedOnToolsVersion = 15.0;
						TestTargetID = 50698EF32D68399800AC2FC9;
					};
				};
			};
			buildConfigurationList = 50698EEF2D68399800AC2FC9 /* Build configuration list for PBXProject "WowRecipes" */;
			compatibilityVersion = "Xcode 14.0";
			developmentRegion = en;
			hasScannedForEncodings = 0;
			knownRegions = (
				en,
				Base,
			);
			mainGroup = 50698EEB2D68399800AC2FC9;
			productRefGroup = 50698EF52D68399800AC2FC9 /* Products */;
			projectDirPath = "";
			projectRoot = "";
			targets = (
				50698EF32D68399800AC2FC9 /* WowRecipes */,
				50698F032D68399A00AC2FC9 /* WowRecipesTests */,
				50698F0D2D68399A00AC2FC9 /* WowRecipesUITests */,
			);
		};
/* End PBXProject section */

/* Begin PBXResourcesBuildPhase section */
		50698EF22D68399800AC2FC9 /* Resources */ = {
			isa = PBXResourcesBuildPhase;
			buildActionMask = 2147483647;
			files = (
				50698EFF2D68399A00AC2FC9 /* Preview Assets.xcassets in Resources */,
				50698F252D68F36900AC2FC9 /* Recipes.json in Resources */,
				50698EFC2D68399A00AC2FC9 /* Assets.xcassets in Resources */,
			);
			runOnlyForDeploymentPostprocessing = 0;
		};
		50698F022D68399A00AC2FC9 /* Resources */ = {
			isa = PBXResourcesBuildPhase;
			buildActionMask = 2147483647;
			files = (
				50698F262D68F36900AC2FC9 /* Recipes.json in Resources */,
			);
			runOnlyForDeploymentPostprocessing = 0;
		};
		50698F0C2D68399A00AC2FC9 /* Resources */ = {
			isa = PBXResourcesBuildPhase;
			buildActionMask = 2147483647;
			files = (
			);
			runOnlyForDeploymentPostprocessing = 0;
		};
/* End PBXResourcesBuildPhase section */

/* Begin PBXSourcesBuildPhase section */
		50698EF02D68399800AC2FC9 /* Sources */ = {
			isa = PBXSourcesBuildPhase;
			buildActionMask = 2147483647;
			files = (
				50698F2E2D68F6CB00AC2FC9 /* NetworkLayer.swift in Sources */,
				50698EFA2D68399800AC2FC9 /* ContentView.swift in Sources */,
				50698EF82D68399800AC2FC9 /* WowRecipesApp.swift in Sources */,
				50AC95A32D6E87250096F92F /* Error.swift in Sources */,
				50698F282D68F54300AC2FC9 /* APIEndpoint.swift in Sources */,
				50698F222D68F29B00AC2FC9 /* RecipeModel.swift in Sources */,
				50698F392D6943C400AC2FC9 /* RecipePreView.swift in Sources */,
				50698F332D692E9A00AC2FC9 /* GridsView.swift in Sources */,
				50698F362D6933FB00AC2FC9 /* RecipeView.swift in Sources */,
				50698F3C2D6E4EC900AC2FC9 /* RecipeViewModel.swift in Sources */,
				50698F2B2D68F66800AC2FC9 /* ApiClient.swift in Sources */,
			);
			runOnlyForDeploymentPostprocessing = 0;
		};
		50698F002D68399A00AC2FC9 /* Sources */ = {
			isa = PBXSourcesBuildPhase;
			buildActionMask = 2147483647;
			files = (
				50698F092D68399A00AC2FC9 /* RecipeModelTests.swift in Sources */,
				50698F292D68F54300AC2FC9 /* APIEndpoint.swift in Sources */,
				50698F232D68F29B00AC2FC9 /* RecipeModel.swift in Sources */,
				50698F2F2D68F6CB00AC2FC9 /* NetworkLayer.swift in Sources */,
				50698F2C2D68F66800AC2FC9 /* ApiClient.swift in Sources */,
				50698F3A2D6943C400AC2FC9 /* RecipePreView.swift in Sources */,
				50698F342D692E9A00AC2FC9 /* GridsView.swift in Sources */,
				50698F372D6933FB00AC2FC9 /* RecipeView.swift in Sources */,
				50698F3D2D6E4EC900AC2FC9 /* RecipeViewModel.swift in Sources */,
				50698F312D692A3600AC2FC9 /* RecipesDataTest.swift in Sources */,
			);
			runOnlyForDeploymentPostprocessing = 0;
		};
		50698F0A2D68399A00AC2FC9 /* Sources */ = {
			isa = PBXSourcesBuildPhase;
			buildActionMask = 2147483647;
			files = (
				50698F152D68399A00AC2FC9 /* WowRecipesUITestsLaunchTests.swift in Sources */,
				50698F132D68399A00AC2FC9 /* WowRecipesUITests.swift in Sources */,
			);
			runOnlyForDeploymentPostprocessing = 0;
		};
/* End PBXSourcesBuildPhase section */

/* Begin PBXTargetDependency section */
		50698F062D68399A00AC2FC9 /* PBXTargetDependency */ = {
			isa = PBXTargetDependency;
			target = 50698EF32D68399800AC2FC9 /* WowRecipes */;
			targetProxy = 50698F052D68399A00AC2FC9 /* PBXContainerItemProxy */;
		};
		50698F102D68399A00AC2FC9 /* PBXTargetDependency */ = {
			isa = PBXTargetDependency;
			target = 50698EF32D68399800AC2FC9 /* WowRecipes */;
			targetProxy = 50698F0F2D68399A00AC2FC9 /* PBXContainerItemProxy */;
		};
/* End PBXTargetDependency section */

/* Begin XCBuildConfiguration section */
		50698F162D68399A00AC2FC9 /* Debug */ = {
			isa = XCBuildConfiguration;
			buildSettings = {
				ALWAYS_SEARCH_USER_PATHS = NO;
				ASSETCATALOG_COMPILER_GENERATE_SWIFT_ASSET_SYMBOL_EXTENSIONS = YES;
				CLANG_ANALYZER_NONNULL = YES;
				CLANG_ANALYZER_NUMBER_OBJECT_CONVERSION = YES_AGGRESSIVE;
				CLANG_CXX_LANGUAGE_STANDARD = "gnu++20";
				CLANG_ENABLE_MODULES = YES;
				CLANG_ENABLE_OBJC_ARC = YES;
				CLANG_ENABLE_OBJC_WEAK = YES;
				CLANG_WARN_BLOCK_CAPTURE_AUTORELEASING = YES;
				CLANG_WARN_BOOL_CONVERSION = YES;
				CLANG_WARN_COMMA = YES;
				CLANG_WARN_CONSTANT_CONVERSION = YES;
				CLANG_WARN_DEPRECATED_OBJC_IMPLEMENTATIONS = YES;
				CLANG_WARN_DIRECT_OBJC_ISA_USAGE = YES_ERROR;
				CLANG_WARN_DOCUMENTATION_COMMENTS = YES;
				CLANG_WARN_EMPTY_BODY = YES;
				CLANG_WARN_ENUM_CONVERSION = YES;
				CLANG_WARN_INFINITE_RECURSION = YES;
				CLANG_WARN_INT_CONVERSION = YES;
				CLANG_WARN_NON_LITERAL_NULL_CONVERSION = YES;
				CLANG_WARN_OBJC_IMPLICIT_RETAIN_SELF = YES;
				CLANG_WARN_OBJC_LITERAL_CONVERSION = YES;
				CLANG_WARN_OBJC_ROOT_CLASS = YES_ERROR;
				CLANG_WARN_QUOTED_INCLUDE_IN_FRAMEWORK_HEADER = YES;
				CLANG_WARN_RANGE_LOOP_ANALYSIS = YES;
				CLANG_WARN_STRICT_PROTOTYPES = YES;
				CLANG_WARN_SUSPICIOUS_MOVE = YES;
				CLANG_WARN_UNGUARDED_AVAILABILITY = YES_AGGRESSIVE;
				CLANG_WARN_UNREACHABLE_CODE = YES;
				CLANG_WARN__DUPLICATE_METHOD_MATCH = YES;
				COPY_PHASE_STRIP = NO;
				DEBUG_INFORMATION_FORMAT = dwarf;
				ENABLE_STRICT_OBJC_MSGSEND = YES;
				ENABLE_TESTABILITY = YES;
				ENABLE_USER_SCRIPT_SANDBOXING = YES;
				GCC_C_LANGUAGE_STANDARD = gnu17;
				GCC_DYNAMIC_NO_PIC = NO;
				GCC_NO_COMMON_BLOCKS = YES;
				GCC_OPTIMIZATION_LEVEL = 0;
				GCC_PREPROCESSOR_DEFINITIONS = (
					"DEBUG=1",
					"$(inherited)",
				);
				GCC_WARN_64_TO_32_BIT_CONVERSION = YES;
				GCC_WARN_ABOUT_RETURN_TYPE = YES_ERROR;
				GCC_WARN_UNDECLARED_SELECTOR = YES;
				GCC_WARN_UNINITIALIZED_AUTOS = YES_AGGRESSIVE;
				GCC_WARN_UNUSED_FUNCTION = YES;
				GCC_WARN_UNUSED_VARIABLE = YES;
				IPHONEOS_DEPLOYMENT_TARGET = 17.0;
				LOCALIZATION_PREFERS_STRING_CATALOGS = YES;
				MTL_ENABLE_DEBUG_INFO = INCLUDE_SOURCE;
				MTL_FAST_MATH = YES;
				ONLY_ACTIVE_ARCH = YES;
				SDKROOT = iphoneos;
				SWIFT_ACTIVE_COMPILATION_CONDITIONS = "DEBUG $(inherited)";
				SWIFT_OPTIMIZATION_LEVEL = "-Onone";
			};
			name = Debug;
		};
		50698F172D68399A00AC2FC9 /* Release */ = {
			isa = XCBuildConfiguration;
			buildSettings = {
				ALWAYS_SEARCH_USER_PATHS = NO;
				ASSETCATALOG_COMPILER_GENERATE_SWIFT_ASSET_SYMBOL_EXTENSIONS = YES;
				CLANG_ANALYZER_NONNULL = YES;
				CLANG_ANALYZER_NUMBER_OBJECT_CONVERSION = YES_AGGRESSIVE;
				CLANG_CXX_LANGUAGE_STANDARD = "gnu++20";
				CLANG_ENABLE_MODULES = YES;
				CLANG_ENABLE_OBJC_ARC = YES;
				CLANG_ENABLE_OBJC_WEAK = YES;
				CLANG_WARN_BLOCK_CAPTURE_AUTORELEASING = YES;
				CLANG_WARN_BOOL_CONVERSION = YES;
				CLANG_WARN_COMMA = YES;
				CLANG_WARN_CONSTANT_CONVERSION = YES;
				CLANG_WARN_DEPRECATED_OBJC_IMPLEMENTATIONS = YES;
				CLANG_WARN_DIRECT_OBJC_ISA_USAGE = YES_ERROR;
				CLANG_WARN_DOCUMENTATION_COMMENTS = YES;
				CLANG_WARN_EMPTY_BODY = YES;
				CLANG_WARN_ENUM_CONVERSION = YES;
				CLANG_WARN_INFINITE_RECURSION = YES;
				CLANG_WARN_INT_CONVERSION = YES;
				CLANG_WARN_NON_LITERAL_NULL_CONVERSION = YES;
				CLANG_WARN_OBJC_IMPLICIT_RETAIN_SELF = YES;
				CLANG_WARN_OBJC_LITERAL_CONVERSION = YES;
				CLANG_WARN_OBJC_ROOT_CLASS = YES_ERROR;
				CLANG_WARN_QUOTED_INCLUDE_IN_FRAMEWORK_HEADER = YES;
				CLANG_WARN_RANGE_LOOP_ANALYSIS = YES;
				CLANG_WARN_STRICT_PROTOTYPES = YES;
				CLANG_WARN_SUSPICIOUS_MOVE = YES;
				CLANG_WARN_UNGUARDED_AVAILABILITY = YES_AGGRESSIVE;
				CLANG_WARN_UNREACHABLE_CODE = YES;
				CLANG_WARN__DUPLICATE_METHOD_MATCH = YES;
				COPY_PHASE_STRIP = NO;
				DEBUG_INFORMATION_FORMAT = "dwarf-with-dsym";
				ENABLE_NS_ASSERTIONS = NO;
				ENABLE_STRICT_OBJC_MSGSEND = YES;
				ENABLE_USER_SCRIPT_SANDBOXING = YES;
				GCC_C_LANGUAGE_STANDARD = gnu17;
				GCC_NO_COMMON_BLOCKS = YES;
				GCC_WARN_64_TO_32_BIT_CONVERSION = YES;
				GCC_WARN_ABOUT_RETURN_TYPE = YES_ERROR;
				GCC_WARN_UNDECLARED_SELECTOR = YES;
				GCC_WARN_UNINITIALIZED_AUTOS = YES_AGGRESSIVE;
				GCC_WARN_UNUSED_FUNCTION = YES;
				GCC_WARN_UNUSED_VARIABLE = YES;
				IPHONEOS_DEPLOYMENT_TARGET = 17.0;
				LOCALIZATION_PREFERS_STRING_CATALOGS = YES;
				MTL_ENABLE_DEBUG_INFO = NO;
				MTL_FAST_MATH = YES;
				SDKROOT = iphoneos;
				SWIFT_COMPILATION_MODE = wholemodule;
				VALIDATE_PRODUCT = YES;
			};
			name = Release;
		};
		50698F192D68399A00AC2FC9 /* Debug */ = {
			isa = XCBuildConfiguration;
			buildSettings = {
				ASSETCATALOG_COMPILER_APPICON_NAME = AppIcon;
				ASSETCATALOG_COMPILER_GLOBAL_ACCENT_COLOR_NAME = AccentColor;
				CODE_SIGN_STYLE = Automatic;
				CURRENT_PROJECT_VERSION = 1;
				DEVELOPMENT_ASSET_PATHS = "\"WowRecipes/Preview Content\"";
				DEVELOPMENT_TEAM = 57675254DH;
				ENABLE_PREVIEWS = YES;
				GENERATE_INFOPLIST_FILE = YES;
				INFOPLIST_KEY_UIApplicationSceneManifest_Generation = YES;
				INFOPLIST_KEY_UIApplicationSupportsIndirectInputEvents = YES;
				INFOPLIST_KEY_UILaunchScreen_Generation = YES;
				INFOPLIST_KEY_UISupportedInterfaceOrientations_iPad = "UIInterfaceOrientationPortrait UIInterfaceOrientationPortraitUpsideDown UIInterfaceOrientationLandscapeLeft UIInterfaceOrientationLandscapeRight";
				INFOPLIST_KEY_UISupportedInterfaceOrientations_iPhone = "UIInterfaceOrientationPortrait UIInterfaceOrientationLandscapeLeft UIInterfaceOrientationLandscapeRight";
				LD_RUNPATH_SEARCH_PATHS = (
					"$(inherited)",
					"@executable_path/Frameworks",
				);
				MARKETING_VERSION = 1.0;
				PRODUCT_BUNDLE_IDENTIFIER = coffee.WowRecipes;
				PRODUCT_NAME = "$(TARGET_NAME)";
				SWIFT_EMIT_LOC_STRINGS = YES;
				SWIFT_VERSION = 5.0;
				TARGETED_DEVICE_FAMILY = "1,2";
			};
			name = Debug;
		};
		50698F1A2D68399A00AC2FC9 /* Release */ = {
			isa = XCBuildConfiguration;
			buildSettings = {
				ASSETCATALOG_COMPILER_APPICON_NAME = AppIcon;
				ASSETCATALOG_COMPILER_GLOBAL_ACCENT_COLOR_NAME = AccentColor;
				CODE_SIGN_STYLE = Automatic;
				CURRENT_PROJECT_VERSION = 1;
				DEVELOPMENT_ASSET_PATHS = "\"WowRecipes/Preview Content\"";
				DEVELOPMENT_TEAM = 57675254DH;
				ENABLE_PREVIEWS = YES;
				GENERATE_INFOPLIST_FILE = YES;
				INFOPLIST_KEY_UIApplicationSceneManifest_Generation = YES;
				INFOPLIST_KEY_UIApplicationSupportsIndirectInputEvents = YES;
				INFOPLIST_KEY_UILaunchScreen_Generation = YES;
				INFOPLIST_KEY_UISupportedInterfaceOrientations_iPad = "UIInterfaceOrientationPortrait UIInterfaceOrientationPortraitUpsideDown UIInterfaceOrientationLandscapeLeft UIInterfaceOrientationLandscapeRight";
				INFOPLIST_KEY_UISupportedInterfaceOrientations_iPhone = "UIInterfaceOrientationPortrait UIInterfaceOrientationLandscapeLeft UIInterfaceOrientationLandscapeRight";
				LD_RUNPATH_SEARCH_PATHS = (
					"$(inherited)",
					"@executable_path/Frameworks",
				);
				MARKETING_VERSION = 1.0;
				PRODUCT_BUNDLE_IDENTIFIER = coffee.WowRecipes;
				PRODUCT_NAME = "$(TARGET_NAME)";
				SWIFT_EMIT_LOC_STRINGS = YES;
				SWIFT_VERSION = 5.0;
				TARGETED_DEVICE_FAMILY = "1,2";
			};
			name = Release;
		};
		50698F1C2D68399A00AC2FC9 /* Debug */ = {
			isa = XCBuildConfiguration;
			buildSettings = {
				ALWAYS_EMBED_SWIFT_STANDARD_LIBRARIES = YES;
				BUNDLE_LOADER = "$(TEST_HOST)";
				CODE_SIGN_STYLE = Automatic;
				CURRENT_PROJECT_VERSION = 1;
				DEVELOPMENT_TEAM = 57675254DH;
				GENERATE_INFOPLIST_FILE = YES;
				IPHONEOS_DEPLOYMENT_TARGET = 17.0;
				MARKETING_VERSION = 1.0;
				PRODUCT_BUNDLE_IDENTIFIER = coffee.WowRecipesTests;
				PRODUCT_NAME = "$(TARGET_NAME)";
				SWIFT_EMIT_LOC_STRINGS = NO;
				SWIFT_VERSION = 5.0;
				TARGETED_DEVICE_FAMILY = "1,2";
				TEST_HOST = "$(BUILT_PRODUCTS_DIR)/WowRecipes.app/$(BUNDLE_EXECUTABLE_FOLDER_PATH)/WowRecipes";
			};
			name = Debug;
		};
		50698F1D2D68399A00AC2FC9 /* Release */ = {
			isa = XCBuildConfiguration;
			buildSettings = {
				ALWAYS_EMBED_SWIFT_STANDARD_LIBRARIES = YES;
				BUNDLE_LOADER = "$(TEST_HOST)";
				CODE_SIGN_STYLE = Automatic;
				CURRENT_PROJECT_VERSION = 1;
				DEVELOPMENT_TEAM = 57675254DH;
				GENERATE_INFOPLIST_FILE = YES;
				IPHONEOS_DEPLOYMENT_TARGET = 17.0;
				MARKETING_VERSION = 1.0;
				PRODUCT_BUNDLE_IDENTIFIER = coffee.WowRecipesTests;
				PRODUCT_NAME = "$(TARGET_NAME)";
				SWIFT_EMIT_LOC_STRINGS = NO;
				SWIFT_VERSION = 5.0;
				TARGETED_DEVICE_FAMILY = "1,2";
				TEST_HOST = "$(BUILT_PRODUCTS_DIR)/WowRecipes.app/$(BUNDLE_EXECUTABLE_FOLDER_PATH)/WowRecipes";
			};
			name = Release;
		};
		50698F1F2D68399A00AC2FC9 /* Debug */ = {
			isa = XCBuildConfiguration;
			buildSettings = {
				ALWAYS_EMBED_SWIFT_STANDARD_LIBRARIES = YES;
				CODE_SIGN_STYLE = Automatic;
				CURRENT_PROJECT_VERSION = 1;
				DEVELOPMENT_TEAM = 57675254DH;
				GENERATE_INFOPLIST_FILE = YES;
				MARKETING_VERSION = 1.0;
				PRODUCT_BUNDLE_IDENTIFIER = coffee.WowRecipesUITests;
				PRODUCT_NAME = "$(TARGET_NAME)";
				SWIFT_EMIT_LOC_STRINGS = NO;
				SWIFT_VERSION = 5.0;
				TARGETED_DEVICE_FAMILY = "1,2";
				TEST_TARGET_NAME = WowRecipes;
			};
			name = Debug;
		};
		50698F202D68399A00AC2FC9 /* Release */ = {
			isa = XCBuildConfiguration;
			buildSettings = {
				ALWAYS_EMBED_SWIFT_STANDARD_LIBRARIES = YES;
				CODE_SIGN_STYLE = Automatic;
				CURRENT_PROJECT_VERSION = 1;
				DEVELOPMENT_TEAM = 57675254DH;
				GENERATE_INFOPLIST_FILE = YES;
				MARKETING_VERSION = 1.0;
				PRODUCT_BUNDLE_IDENTIFIER = coffee.WowRecipesUITests;
				PRODUCT_NAME = "$(TARGET_NAME)";
				SWIFT_EMIT_LOC_STRINGS = NO;
				SWIFT_VERSION = 5.0;
				TARGETED_DEVICE_FAMILY = "1,2";
				TEST_TARGET_NAME = WowRecipes;
			};
			name = Release;
		};
/* End XCBuildConfiguration section */

/* Begin XCConfigurationList section */
		50698EEF2D68399800AC2FC9 /* Build configuration list for PBXProject "WowRecipes" */ = {
			isa = XCConfigurationList;
			buildConfigurations = (
				50698F162D68399A00AC2FC9 /* Debug */,
				50698F172D68399A00AC2FC9 /* Release */,
			);
			defaultConfigurationIsVisible = 0;
			defaultConfigurationName = Release;
		};
		50698F182D68399A00AC2FC9 /* Build configuration list for PBXNativeTarget "WowRecipes" */ = {
			isa = XCConfigurationList;
			buildConfigurations = (
				50698F192D68399A00AC2FC9 /* Debug */,
				50698F1A2D68399A00AC2FC9 /* Release */,
			);
			defaultConfigurationIsVisible = 0;
			defaultConfigurationName = Release;
		};
		50698F1B2D68399A00AC2FC9 /* Build configuration list for PBXNativeTarget "WowRecipesTests" */ = {
			isa = XCConfigurationList;
			buildConfigurations = (
				50698F1C2D68399A00AC2FC9 /* Debug */,
				50698F1D2D68399A00AC2FC9 /* Release */,
			);
			defaultConfigurationIsVisible = 0;
			defaultConfigurationName = Release;
		};
		50698F1E2D68399A00AC2FC9 /* Build configuration list for PBXNativeTarget "WowRecipesUITests" */ = {
			isa = XCConfigurationList;
			buildConfigurations = (
				50698F1F2D68399A00AC2FC9 /* Debug */,
				50698F202D68399A00AC2FC9 /* Release */,
			);
			defaultConfigurationIsVisible = 0;
			defaultConfigurationName = Release;
		};
/* End XCConfigurationList section */
	};
	rootObject = 50698EEC2D68399800AC2FC9 /* Project object */;
}
